<Solution>
  <Project Path="DynamicPanels.Runtime.csproj" />
  <Project Path="FishNet.Runtime.csproj" />
  <Project Path="SS3D.Systems.csproj" />
  <Project Path="FishNet.Codegen.Cecil.csproj" />
  <Project Path="NaughtyAttributes.Core.csproj" />
  <Project Path="RuntimeInspector.Runtime.csproj" />
  <Project Path="NaughtyAttributes.Test.csproj" />
  <Project Path="Unity.FishNet.Codegen.csproj" />
  <Project Path="DOTween.Modules.csproj" />
  <Project Path="SS3D.Data.csproj" />
  <Project Path="SS3D.Interactions.csproj" />
  <Project Path="NaughtyAttributes.Editor.csproj" />
  <Project Path="GameKit.Utilities.csproj" />
  <Project Path="SS3D.Tests.PlayMode.csproj" />
  <Project Path="FishNet.Demos.csproj" />
  <Project Path="Serilog.Sinks.Unity3D.csproj" />
  <Project Path="SS3D.Networking.csproj" />
  <Project Path="SS3D.Hacks.csproj" />
  <Project Path="IngameDebugConsole.Runtime.csproj" />
  <Project Path="SS3D.Permissions.csproj" />
  <Project Path="ParrelSync.csproj" />
  <Project Path="Hierarchy2.Runtime.csproj" />
  <Project Path="UltimateDiscordSDK.csproj" />
  <Project Path="SS3D.Attributes.csproj" />
  <Project Path="InspectPlus.Editor.csproj" />
  <Project Path="IngameDebugConsole.Editor.csproj" />
  <Project Path="SS3D.UI.csproj" />
  <Project Path="SS3D.Rendering.csproj" />
  <Project Path="SS3D.Core.csproj" />
  <Project Path="SS3D.Logging.csproj" />
  <Project Path="SS3D.CommandLine.csproj" />
  <Project Path="SS3D.Editor.csproj" />
  <Project Path="SS3D.Utils.csproj" />
  <Project Path="Hierarchy2.Editor.csproj" />
  <Project Path="SS3D.Tests.EditMode.csproj" />
  <Project Path="SS3D.SceneManagement.csproj" />
  <Project Path="ToolbarExtender.Editor.csproj" />
  <Project Path="SS3D.Tests.AssetAudit.csproj" />
  <Project Path="SS3D.Application.csproj" />
  <Project Path="SS3D.Tests.Common.csproj" />
  <Project Path="Fishnet.Upgrading.csproj" />
  <Project Path="Assembly-CSharp-Assets.csproj" />
  <Project Path="SS3D.CodeGeneration.csproj" />
  <Project Path="SS3D.Tests.KnownIssueReproduction.csproj" />
  <Project Path="CraftingSystemEditor.csproj" />
  <Project Path="EditorTools.csproj" />
  <Project Path="InspectPlus.Runtime.csproj" />
  <Project Path="DynamicPanels.Editor.csproj" />
  <Project Path="GameKit.Dependencies.csproj" />
  <Project Path="SS3D.Launcher.csproj" />
  <Project Path="CoimbraInternal.Linting.csproj" />
  <Project Path="ContainerEditorAssembly.csproj" />
  <Project Path="SS3D.Tweening.csproj" />
</Solution>
